
Microsoft Visual Studio Solution File, Format Version 12.00
# Visual Studio Version 16
VisualStudioVersion = 16.0.29519.181
MinimumVisualStudioVersion = 10.0.40219.1
Project("{FAE04EC0-301F-11D3-BF4B-00C04F79EFBC}") = "CodeProblems", "CodeProblems\CodeProblems.csproj", "{01CF796C-B3DB-42A2-8615-7C7A68D663C8}"
EndProject
Global
	GlobalSection(SolutionConfigurationPlatforms) = preSolution
		Debug|Any CPU = Debug|Any CPU
		Release|Any CPU = Release|Any CPU
	EndGlobalSection
	GlobalSection(ProjectConfigurationPlatforms) = postSolution
		{01CF796C-B3DB-42A2-8615-7C7A68D663C8}.Debug|Any CPU.ActiveCfg = Debug|Any CPU
		{01CF796C-B3DB-42A2-8615-7C7A68D663C8}.Debug|Any CPU.Build.0 = Debug|Any CPU
		{01CF796C-B3DB-42A2-8615-7C7A68D663C8}.Release|Any CPU.ActiveCfg = Release|Any CPU
		{01CF796C-B3DB-42A2-8615-7C7A68D663C8}.Release|Any CPU.Build.0 = Release|Any CPU
	EndGlobalSection
	GlobalSection(SolutionProperties) = preSolution
		HideSolutionNode = FALSE
	EndGlobalSection
	GlobalSection(ExtensibilityGlobals) = postSolution
		SolutionGuid = {47809501-3C55-49C5-9138-5524BA36EE93}
	EndGlobalSection
EndGlobal
